Microsoft Visual Studio Solution File, Format Version 7.00
Project("{8BC9CEB8-8B4A-11D0-8D11-00A0C91BC942}") = "libming", "libming.vcproj", "{1D57886B-1B51-4B79-BBAC-D3830939CE67}"
EndProject
Global
	GlobalSection(SolutionConfiguration) = preSolution
		ConfigName.0 = Debug
		ConfigName.1 = Release
	EndGlobalSection
	GlobalSection(ProjectDependencies) = postSolution
	EndGlobalSection
	GlobalSection(ProjectConfiguration) = postSolution
		{1D57886B-1B51-4B79-BBAC-D3830939CE67}.Debug.ActiveCfg = Debug|Win32
		{1D57886B-1B51-4B79-BBAC-D3830939CE67}.Debug.Build.0 = Debug|Win32
		{1D57886B-1B51-4B79-BBAC-D3830939CE67}.Release.ActiveCfg = Release|Win32
		{1D57886B-1B51-4B79-BBAC-D3830939CE67}.Release.Build.0 = Release|Win32
	EndGlobalSection
	GlobalSection(ExtensibilityGlobals) = postSolution
	EndGlobalSection
	GlobalSection(ExtensibilityAddIns) = postSolution
	EndGlobalSection
EndGlobal
